// !$*UTF8*$!
{
	archiveVersion = 1;
	classes = {
	};
	objectVersion = 46;
	objects = {

/* Begin PBXBuildFile section */
		C257E35B199D48A500563FE0 /* Foundation.framework in Frameworks */ = {isa = PBXBuildFile; fileRef = C257E35A199D48A500563FE0 /* Foundation.framework */; };
		C257E35D199D48A500563FE0 /* CoreGraphics.framework in Frameworks */ = {isa = PBXBuildFile; fileRef = C257E35C199D48A500563FE0 /* CoreGraphics.framework */; };
		C257E35F199D48A500563FE0 /* UIKit.framework in Frameworks */ = {isa = PBXBuildFile; fileRef = C257E35E199D48A500563FE0 /* UIKit.framework */; };
		C257E365199D48A500563FE0 /* InfoPlist.strings in Resources */ = {isa = PBXBuildFile; fileRef = C257E363199D48A500563FE0 /* InfoPlist.strings */; };
		C257E367199D48A500563FE0 /* main.m in Sources */ = {isa = PBXBuildFile; fileRef = C257E366199D48A500563FE0 /* main.m */; };
		C257E36B199D48A500563FE0 /* XYZAppDelegate.m in Sources */ = {isa = PBXBuildFile; fileRef = C257E36A199D48A500563FE0 /* XYZAppDelegate.m */; };
		C257E36E199D48A500563FE0 /* Main.storyboard in Resources */ = {isa = PBXBuildFile; fileRef = C257E36C199D48A500563FE0 /* Main.storyboard */; };
		C257E371199D48A500563FE0 /* XYZViewController.m in Sources */ = {isa = PBXBuildFile; fileRef = C257E370199D48A500563FE0 /* XYZViewController.m */; };
		C257E373199D48A500563FE0 /* Images.xcassets in Resources */ = {isa = PBXBuildFile; fileRef = C257E372199D48A500563FE0 /* Images.xcassets */; };
		C257E37A199D48A500563FE0 /* XCTest.framework in Frameworks */ = {isa = PBXBuildFile; fileRef = C257E379199D48A500563FE0 /* XCTest.framework */; };
		C257E37B199D48A500563FE0 /* Foundation.framework in Frameworks */ = {isa = PBXBuildFile; fileRef = C257E35A199D48A500563FE0 /* Foundation.framework */; };
		C257E37C199D48A500563FE0 /* UIKit.framework in Frameworks */ = {isa = PBXBuildFile; fileRef = C257E35E199D48A500563FE0 /* UIKit.framework */; };
		C257E384199D48A500563FE0 /* InfoPlist.strings in Resources */ = {isa = PBXBuildFile; fileRef = C257E382199D48A500563FE0 /* InfoPlist.strings */; };
		C257E386199D48A500563FE0 /* BikePath1Tests.m in Sources */ = {isa = PBXBuildFile; fileRef = C257E385199D48A500563FE0 /* BikePath1Tests.m */; };
		C257E43F199D494C00563FE0 /* CHANGELOG in Resources */ = {isa = PBXBuildFile; fileRef = C257E390199D494C00563FE0 /* CHANGELOG */; };
		C257E440199D494C00563FE0 /* GoogleMaps.framework in Frameworks */ = {isa = PBXBuildFile; fileRef = C257E391199D494C00563FE0 /* GoogleMaps.framework */; };
		C257E4A5199D499F00563FE0 /* GoogleMaps.bundle in Resources */ = {isa = PBXBuildFile; fileRef = C257E4A4199D499F00563FE0 /* GoogleMaps.bundle */; };
		C257E4A7199D49DE00563FE0 /* AVFoundation.framework in Frameworks */ = {isa = PBXBuildFile; fileRef = C257E4A6199D49DE00563FE0 /* AVFoundation.framework */; };
		C257E4A9199D49E600563FE0 /* CoreData.framework in Frameworks */ = {isa = PBXBuildFile; fileRef = C257E4A8199D49E600563FE0 /* CoreData.framework */; };
		C257E4AB199D49EC00563FE0 /* CoreLocation.framework in Frameworks */ = {isa = PBXBuildFile; fileRef = C257E4AA199D49EC00563FE0 /* CoreLocation.framework */; };
		C257E4AD199D49F200563FE0 /* CoreText.framework in Frameworks */ = {isa = PBXBuildFile; fileRef = C257E4AC199D49F200563FE0 /* CoreText.framework */; };
		C257E4AF199D49F900563FE0 /* GLKit.framework in Frameworks */ = {isa = PBXBuildFile; fileRef = C257E4AE199D49F900563FE0 /* GLKit.framework */; };
		C257E4B1199D49FF00563FE0 /* ImageIO.framework in Frameworks */ = {isa = PBXBuildFile; fileRef = C257E4B0199D49FF00563FE0 /* ImageIO.framework */; };
		C257E4B3199D4A0C00563FE0 /* libc++.dylib in Frameworks */ = {isa = PBXBuildFile; fileRef = C257E4B2199D4A0C00563FE0 /* libc++.dylib */; };
		C257E4B5199D4A1300563FE0 /* libicucore.dylib in Frameworks */ = {isa = PBXBuildFile; fileRef = C257E4B4199D4A1300563FE0 /* libicucore.dylib */; };
		C257E4B7199D4A1A00563FE0 /* libz.dylib in Frameworks */ = {isa = PBXBuildFile; fileRef = C257E4B6199D4A1A00563FE0 /* libz.dylib */; };
		C257E4B9199D4A2100563FE0 /* OpenGLES.framework in Frameworks */ = {isa = PBXBuildFile; fileRef = C257E4B8199D4A2100563FE0 /* OpenGLES.framework */; };
		C257E4BB199D4A2900563FE0 /* QuartzCore.framework in Frameworks */ = {isa = PBXBuildFile; fileRef = C257E4BA199D4A2900563FE0 /* QuartzCore.framework */; };
		C257E4BD199D4A3000563FE0 /* SystemConfiguration.framework in Frameworks */ = {isa = PBXBuildFile; fileRef = C257E4BC199D4A3000563FE0 /* SystemConfiguration.framework */; };
/* End PBXBuildFile section */

/* Begin PBXContainerItemProxy section */
		C257E37D199D48A500563FE0 /* PBXContainerItemProxy */ = {
			isa = PBXContainerItemProxy;
			containerPortal = C257E34F199D48A500563FE0 /* Project object */;
			proxyType = 1;
			remoteGlobalIDString = C257E356199D48A500563FE0;
			remoteInfo = BikePath1;
		};
/* End PBXContainerItemProxy section */

/* Begin PBXFileReference section */
		C257E357199D48A500563FE0 /* BikePath1.app */ = {isa = PBXFileReference; explicitFileType = wrapper.application; includeInIndex = 0; path = BikePath1.app; sourceTree = BUILT_PRODUCTS_DIR; };
		C257E35A199D48A500563FE0 /* Foundation.framework */ = {isa = PBXFileReference; lastKnownFileType = wrapper.framework; name = Foundation.framework; path = System/Library/Frameworks/Foundation.framework; sourceTree = SDKROOT; };
		C257E35C199D48A500563FE0 /* CoreGraphics.framework */ = {isa = PBXFileReference; lastKnownFileType = wrapper.framework; name = CoreGraphics.framework; path = System/Library/Frameworks/CoreGraphics.framework; sourceTree = SDKROOT; };
		C257E35E199D48A500563FE0 /* UIKit.framework */ = {isa = PBXFileReference; lastKnownFileType = wrapper.framework; name = UIKit.framework; path = System/Library/Frameworks/UIKit.framework; sourceTree = SDKROOT; };
		C257E362199D48A500563FE0 /* BikePath1-Info.plist */ = {isa = PBXFileReference; lastKnownFileType = text.plist.xml; path = "BikePath1-Info.plist"; sourceTree = "<group>"; };
		C257E364199D48A500563FE0 /* en */ = {isa = PBXFileReference; lastKnownFileType = text.plist.strings; name = en; path = en.lproj/InfoPlist.strings; sourceTree = "<group>"; };
		C257E366199D48A500563FE0 /* main.m */ = {isa = PBXFileReference; lastKnownFileType = sourcecode.c.objc; path = main.m; sourceTree = "<group>"; };
		C257E368199D48A500563FE0 /* BikePath1-Prefix.pch */ = {isa = PBXFileReference; lastKnownFileType = sourcecode.c.h; path = "BikePath1-Prefix.pch"; sourceTree = "<group>"; };
		C257E369199D48A500563FE0 /* XYZAppDelegate.h */ = {isa = PBXFileReference; lastKnownFileType = sourcecode.c.h; path = XYZAppDelegate.h; sourceTree = "<group>"; };
		C257E36A199D48A500563FE0 /* XYZAppDelegate.m */ = {isa = PBXFileReference; lastKnownFileType = sourcecode.c.objc; path = XYZAppDelegate.m; sourceTree = "<group>"; };
		C257E36D199D48A500563FE0 /* Base */ = {isa = PBXFileReference; lastKnownFileType = file.storyboard; name = Base; path = Base.lproj/Main.storyboard; sourceTree = "<group>"; };
		C257E36F199D48A500563FE0 /* XYZViewController.h */ = {isa = PBXFileReference; lastKnownFileType = sourcecode.c.h; path = XYZViewController.h; sourceTree = "<group>"; };
		C257E370199D48A500563FE0 /* XYZViewController.m */ = {isa = PBXFileReference; lastKnownFileType = sourcecode.c.objc; path = XYZViewController.m; sourceTree = "<group>"; };
		C257E372199D48A500563FE0 /* Images.xcassets */ = {isa = PBXFileReference; lastKnownFileType = folder.assetcatalog; path = Images.xcassets; sourceTree = "<group>"; };
		C257E378199D48A500563FE0 /* BikePath1Tests.xctest */ = {isa = PBXFileReference; explicitFileType = wrapper.cfbundle; includeInIndex = 0; path = BikePath1Tests.xctest; sourceTree = BUILT_PRODUCTS_DIR; };
		C257E379199D48A500563FE0 /* XCTest.framework */ = {isa = PBXFileReference; lastKnownFileType = wrapper.framework; name = XCTest.framework; path = Library/Frameworks/XCTest.framework; sourceTree = DEVELOPER_DIR; };
		C257E381199D48A500563FE0 /* BikePath1Tests-Info.plist */ = {isa = PBXFileReference; lastKnownFileType = text.plist.xml; path = "BikePath1Tests-Info.plist"; sourceTree = "<group>"; };
		C257E383199D48A500563FE0 /* en */ = {isa = PBXFileReference; lastKnownFileType = text.plist.strings; name = en; path = en.lproj/InfoPlist.strings; sourceTree = "<group>"; };
		C257E385199D48A500563FE0 /* BikePath1Tests.m */ = {isa = PBXFileReference; lastKnownFileType = sourcecode.c.objc; path = BikePath1Tests.m; sourceTree = "<group>"; };
		C257E390199D494C00563FE0 /* CHANGELOG */ = {isa = PBXFileReference; fileEncoding = 4; lastKnownFileType = text; path = CHANGELOG; sourceTree = "<group>"; };
		C257E391199D494C00563FE0 /* GoogleMaps.framework */ = {isa = PBXFileReference; lastKnownFileType = wrapper.framework; path = GoogleMaps.framework; sourceTree = "<group>"; };
		C257E4A4199D499F00563FE0 /* GoogleMaps.bundle */ = {isa = PBXFileReference; lastKnownFileType = "wrapper.plug-in"; name = GoogleMaps.bundle; path = "GoogleMaps-iOS-1.8.1/GoogleMaps.framework/Versions/A/Resources/GoogleMaps.bundle"; sourceTree = "<group>"; };
		C257E4A6199D49DE00563FE0 /* AVFoundation.framework */ = {isa = PBXFileReference; lastKnownFileType = wrapper.framework; name = AVFoundation.framework; path = System/Library/Frameworks/AVFoundation.framework; sourceTree = SDKROOT; };
		C257E4A8199D49E600563FE0 /* CoreData.framework */ = {isa = PBXFileReference; lastKnownFileType = wrapper.framework; name = CoreData.framework; path = System/Library/Frameworks/CoreData.framework; sourceTree = SDKROOT; };
		C257E4AA199D49EC00563FE0 /* CoreLocation.framework */ = {isa = PBXFileReference; lastKnownFileType = wrapper.framework; name = CoreLocation.framework; path = System/Library/Frameworks/CoreLocation.framework; sourceTree = SDKROOT; };
		C257E4AC199D49F200563FE0 /* CoreText.framework */ = {isa = PBXFileReference; lastKnownFileType = wrapper.framework; name = CoreText.framework; path = System/Library/Frameworks/CoreText.framework; sourceTree = SDKROOT; };
		C257E4AE199D49F900563FE0 /* GLKit.framework */ = {isa = PBXFileReference; lastKnownFileType = wrapper.framework; name = GLKit.framework; path = System/Library/Frameworks/GLKit.framework; sourceTree = SDKROOT; };
		C257E4B0199D49FF00563FE0 /* ImageIO.framework */ = {isa = PBXFileReference; lastKnownFileType = wrapper.framework; name = ImageIO.framework; path = System/Library/Frameworks/ImageIO.framework; sourceTree = SDKROOT; };
		C257E4B2199D4A0C00563FE0 /* libc++.dylib */ = {isa = PBXFileReference; lastKnownFileType = "compiled.mach-o.dylib"; name = "libc++.dylib"; path = "usr/lib/libc++.dylib"; sourceTree = SDKROOT; };
		C257E4B4199D4A1300563FE0 /* libicucore.dylib */ = {isa = PBXFileReference; lastKnownFileType = "compiled.mach-o.dylib"; name = libicucore.dylib; path = usr/lib/libicucore.dylib; sourceTree = SDKROOT; };
		C257E4B6199D4A1A00563FE0 /* libz.dylib */ = {isa = PBXFileReference; lastKnownFileType = "compiled.mach-o.dylib"; name = libz.dylib; path = usr/lib/libz.dylib; sourceTree = SDKROOT; };
		C257E4B8199D4A2100563FE0 /* OpenGLES.framework */ = {isa = PBXFileReference; lastKnownFileType = wrapper.framework; name = OpenGLES.framework; path = System/Library/Frameworks/OpenGLES.framework; sourceTree = SDKROOT; };
		C257E4BA199D4A2900563FE0 /* QuartzCore.framework */ = {isa = PBXFileReference; lastKnownFileType = wrapper.framework; name = QuartzCore.framework; path = System/Library/Frameworks/QuartzCore.framework; sourceTree = SDKROOT; };
		C257E4BC199D4A3000563FE0 /* SystemConfiguration.framework */ = {isa = PBXFileReference; lastKnownFileType = wrapper.framework; name = SystemConfiguration.framework; path = System/Library/Frameworks/SystemConfiguration.framework; sourceTree = SDKROOT; };
/* End PBXFileReference section */

/* Begin PBXFrameworksBuildPhase section */
		C257E354199D48A500563FE0 /* Frameworks */ = {
			isa = PBXFrameworksBuildPhase;
			buildActionMask = 2147483647;
			files = (
				C257E4BD199D4A3000563FE0 /* SystemConfiguration.framework in Frameworks */,
				C257E4BB199D4A2900563FE0 /* QuartzCore.framework in Frameworks */,
				C257E4B9199D4A2100563FE0 /* OpenGLES.framework in Frameworks */,
				C257E4B7199D4A1A00563FE0 /* libz.dylib in Frameworks */,
				C257E4B5199D4A1300563FE0 /* libicucore.dylib in Frameworks */,
				C257E4B3199D4A0C00563FE0 /* libc++.dylib in Frameworks */,
				C257E4B1199D49FF00563FE0 /* ImageIO.framework in Frameworks */,
				C257E4AF199D49F900563FE0 /* GLKit.framework in Frameworks */,
				C257E4AD199D49F200563FE0 /* CoreText.framework in Frameworks */,
				C257E4AB199D49EC00563FE0 /* CoreLocation.framework in Frameworks */,
				C257E4A9199D49E600563FE0 /* CoreData.framework in Frameworks */,
				C257E4A7199D49DE00563FE0 /* AVFoundation.framework in Frameworks */,
				C257E35D199D48A500563FE0 /* CoreGraphics.framework in Frameworks */,
				C257E35F199D48A500563FE0 /* UIKit.framework in Frameworks */,
				C257E440199D494C00563FE0 /* GoogleMaps.framework in Frameworks */,
				C257E35B199D48A500563FE0 /* Foundation.framework in Frameworks */,
			);
			runOnlyForDeploymentPostprocessing = 0;
		};
		C257E375199D48A500563FE0 /* Frameworks */ = {
			isa = PBXFrameworksBuildPhase;
			buildActionMask = 2147483647;
			files = (
				C257E37A199D48A500563FE0 /* XCTest.framework in Frameworks */,
				C257E37C199D48A500563FE0 /* UIKit.framework in Frameworks */,
				C257E37B199D48A500563FE0 /* Foundation.framework in Frameworks */,
			);
			runOnlyForDeploymentPostprocessing = 0;
		};
/* End PBXFrameworksBuildPhase section */

/* Begin PBXGroup section */
		C257E34E199D48A500563FE0 = {
			isa = PBXGroup;
			children = (
				C257E360199D48A500563FE0 /* BikePath1 */,
				C257E37F199D48A500563FE0 /* BikePath1Tests */,
				C257E359199D48A500563FE0 /* Frameworks */,
				C257E358199D48A500563FE0 /* Products */,
			);
			sourceTree = "<group>";
		};
		C257E358199D48A500563FE0 /* Products */ = {
			isa = PBXGroup;
			children = (
				C257E357199D48A500563FE0 /* BikePath1.app */,
				C257E378199D48A500563FE0 /* BikePath1Tests.xctest */,
			);
			name = Products;
			sourceTree = "<group>";
		};
		C257E359199D48A500563FE0 /* Frameworks */ = {
			isa = PBXGroup;
			children = (
				C257E4BC199D4A3000563FE0 /* SystemConfiguration.framework */,
				C257E4BA199D4A2900563FE0 /* QuartzCore.framework */,
				C257E4B8199D4A2100563FE0 /* OpenGLES.framework */,
				C257E4B6199D4A1A00563FE0 /* libz.dylib */,
				C257E4B4199D4A1300563FE0 /* libicucore.dylib */,
				C257E4B2199D4A0C00563FE0 /* libc++.dylib */,
				C257E4B0199D49FF00563FE0 /* ImageIO.framework */,
				C257E4AE199D49F900563FE0 /* GLKit.framework */,
				C257E4AC199D49F200563FE0 /* CoreText.framework */,
				C257E4AA199D49EC00563FE0 /* CoreLocation.framework */,
				C257E4A8199D49E600563FE0 /* CoreData.framework */,
				C257E4A6199D49DE00563FE0 /* AVFoundation.framework */,
				C257E4A4199D499F00563FE0 /* GoogleMaps.bundle */,
				C257E38F199D494C00563FE0 /* GoogleMaps-iOS-1.8.1 */,
				C257E35A199D48A500563FE0 /* Foundation.framework */,
				C257E35C199D48A500563FE0 /* CoreGraphics.framework */,
				C257E35E199D48A500563FE0 /* UIKit.framework */,
				C257E379199D48A500563FE0 /* XCTest.framework */,
			);
			name = Frameworks;
			sourceTree = "<group>";
		};
		C257E360199D48A500563FE0 /* BikePath1 */ = {
			isa = PBXGroup;
			children = (
				C257E369199D48A500563FE0 /* XYZAppDelegate.h */,
				C257E36A199D48A500563FE0 /* XYZAppDelegate.m */,
				C257E36C199D48A500563FE0 /* Main.storyboard */,
				C257E36F199D48A500563FE0 /* XYZViewController.h */,
				C257E370199D48A500563FE0 /* XYZViewController.m */,
				C257E372199D48A500563FE0 /* Images.xcassets */,
				C257E361199D48A500563FE0 /* Supporting Files */,
			);
			path = BikePath1;
			sourceTree = "<group>";
		};
		C257E361199D48A500563FE0 /* Supporting Files */ = {
			isa = PBXGroup;
			children = (
				C257E362199D48A500563FE0 /* BikePath1-Info.plist */,
				C257E363199D48A500563FE0 /* InfoPlist.strings */,
				C257E366199D48A500563FE0 /* main.m */,
				C257E368199D48A500563FE0 /* BikePath1-Prefix.pch */,
			);
			name = "Supporting Files";
			sourceTree = "<group>";
		};
		C257E37F199D48A500563FE0 /* BikePath1Tests */ = {
			isa = PBXGroup;
			children = (
				C257E385199D48A500563FE0 /* BikePath1Tests.m */,
				C257E380199D48A500563FE0 /* Supporting Files */,
			);
			path = BikePath1Tests;
			sourceTree = "<group>";
		};
		C257E380199D48A500563FE0 /* Supporting Files */ = {
			isa = PBXGroup;
			children = (
				C257E381199D48A500563FE0 /* BikePath1Tests-Info.plist */,
				C257E382199D48A500563FE0 /* InfoPlist.strings */,
			);
			name = "Supporting Files";
			sourceTree = "<group>";
		};
		C257E38F199D494C00563FE0 /* GoogleMaps-iOS-1.8.1 */ = {
			isa = PBXGroup;
			children = (
				C257E390199D494C00563FE0 /* CHANGELOG */,
				C257E391199D494C00563FE0 /* GoogleMaps.framework */,
			);
			path = "GoogleMaps-iOS-1.8.1";
			sourceTree = "<group>";
		};
/* End PBXGroup section */

/* Begin PBXNativeTarget section */
		C257E356199D48A500563FE0 /* BikePath1 */ = {
			isa = PBXNativeTarget;
			buildConfigurationList = C257E389199D48A500563FE0 /* Build configuration list for PBXNativeTarget "BikePath1" */;
			buildPhases = (
				C257E353199D48A500563FE0 /* Sources */,
				C257E354199D48A500563FE0 /* Frameworks */,
				C257E355199D48A500563FE0 /* Resources */,
			);
			buildRules = (
			);
			dependencies = (
			);
			name = BikePath1;
			productName = BikePath1;
			productReference = C257E357199D48A500563FE0 /* BikePath1.app */;
			productType = "com.apple.product-type.application";
		};
		C257E377199D48A500563FE0 /* BikePath1Tests */ = {
			isa = PBXNativeTarget;
			buildConfigurationList = C257E38C199D48A500563FE0 /* Build configuration list for PBXNativeTarget "BikePath1Tests" */;
			buildPhases = (
				C257E374199D48A500563FE0 /* Sources */,
				C257E375199D48A500563FE0 /* Frameworks */,
				C257E376199D48A500563FE0 /* Resources */,
			);
			buildRules = (
			);
			dependencies = (
				C257E37E199D48A500563FE0 /* PBXTargetDependency */,
			);
			name = BikePath1Tests;
			productName = BikePath1Tests;
			productReference = C257E378199D48A500563FE0 /* BikePath1Tests.xctest */;
			productType = "com.apple.product-type.bundle.unit-test";
		};
/* End PBXNativeTarget section */

/* Begin PBXProject section */
		C257E34F199D48A500563FE0 /* Project object */ = {
			isa = PBXProject;
			attributes = {
				CLASSPREFIX = XYZ;
				LastUpgradeCheck = 0510;
				ORGANIZATIONNAME = "___FULLUSERNAME___";
				TargetAttributes = {
					C257E377199D48A500563FE0 = {
						TestTargetID = C257E356199D48A500563FE0;
					};
				};
			};
			buildConfigurationList = C257E352199D48A500563FE0 /* Build configuration list for PBXProject "BikePath1" */;
			compatibilityVersion = "Xcode 3.2";
			developmentRegion = English;
			hasScannedForEncodings = 0;
			knownRegions = (
				en,
				Base,
				ar,
				ca,
				cs,
				da,
				de,
				el,
				en_GB,
				es,
				fi,
				fr,
				he,
				hr,
				hu,
				id,
				it,
				ja,
				ko,
				ms,
				nl,
				no,
				pl,
				pt,
				pt_PT,
				ro,
				ru,
				sk,
				sv,
				th,
				tr,
				uk,
				vi,
				zh_CN,
				zh_TW,
			);
			mainGroup = C257E34E199D48A500563FE0;
			productRefGroup = C257E358199D48A500563FE0 /* Products */;
			projectDirPath = "";
			projectRoot = "";
			targets = (
				C257E356199D48A500563FE0 /* BikePath1 */,
				C257E377199D48A500563FE0 /* BikePath1Tests */,
			);
		};
/* End PBXProject section */

/* Begin PBXResourcesBuildPhase section */
		C257E355199D48A500563FE0 /* Resources */ = {
			isa = PBXResourcesBuildPhase;
			buildActionMask = 2147483647;
			files = (
				C257E373199D48A500563FE0 /* Images.xcassets in Resources */,
				C257E43F199D494C00563FE0 /* CHANGELOG in Resources */,
				C257E365199D48A500563FE0 /* InfoPlist.strings in Resources */,
				C257E36E199D48A500563FE0 /* Main.storyboard in Resources */,
				C257E4A5199D499F00563FE0 /* GoogleMaps.bundle in Resources */,
			);
			runOnlyForDeploymentPostprocessing = 0;
		};
		C257E376199D48A500563FE0 /* Resources */ = {
			isa = PBXResourcesBuildPhase;
			buildActionMask = 2147483647;
			files = (
				C257E384199D48A500563FE0 /* InfoPlist.strings in Resources */,
			);
			runOnlyForDeploymentPostprocessing = 0;
		};
/* End PBXResourcesBuildPhase section */

/* Begin PBXSourcesBuildPhase section */
		C257E353199D48A500563FE0 /* Sources */ = {
			isa = PBXSourcesBuildPhase;
			buildActionMask = 2147483647;
			files = (
				C257E371199D48A500563FE0 /* XYZViewController.m in Sources */,
				C257E36B199D48A500563FE0 /* XYZAppDelegate.m in Sources */,
				C257E367199D48A500563FE0 /* main.m in Sources */,
			);
			runOnlyForDeploymentPostprocessing = 0;
		};
		C257E374199D48A500563FE0 /* Sources */ = {
			isa = PBXSourcesBuildPhase;
			buildActionMask = 2147483647;
			files = (
				C257E386199D48A500563FE0 /* BikePath1Tests.m in Sources */,
			);
			runOnlyForDeploymentPostprocessing = 0;
		};
/* End PBXSourcesBuildPhase section */

/* Begin PBXTargetDependency section */
		C257E37E199D48A500563FE0 /* PBXTargetDependency */ = {
			isa = PBXTargetDependency;
			target = C257E356199D48A500563FE0 /* BikePath1 */;
			targetProxy = C257E37D199D48A500563FE0 /* PBXContainerItemProxy */;
		};
/* End PBXTargetDependency section */

/* Begin PBXVariantGroup section */
		C257E363199D48A500563FE0 /* InfoPlist.strings */ = {
			isa = PBXVariantGroup;
			children = (
				C257E364199D48A500563FE0 /* en */,
			);
			name = InfoPlist.strings;
			sourceTree = "<group>";
		};
		C257E36C199D48A500563FE0 /* Main.storyboard */ = {
			isa = PBXVariantGroup;
			children = (
				C257E36D199D48A500563FE0 /* Base */,
			);
			name = Main.storyboard;
			sourceTree = "<group>";
		};
		C257E382199D48A500563FE0 /* InfoPlist.strings */ = {
			isa = PBXVariantGroup;
			children = (
				C257E383199D48A500563FE0 /* en */,
			);
			name = InfoPlist.strings;
			sourceTree = "<group>";
		};
/* End PBXVariantGroup section */

/* Begin XCBuildConfiguration section */
		C257E387199D48A500563FE0 /* Debug */ = {
			isa = XCBuildConfiguration;
			buildSettings = {
				ALWAYS_SEARCH_USER_PATHS = NO;
				CLANG_CXX_LANGUAGE_STANDARD = "gnu++0x";
				CLANG_CXX_LIBRARY = "libc++";
				CLANG_ENABLE_MODULES = YES;
				CLANG_ENABLE_OBJC_ARC = YES;
				CLANG_WARN_BOOL_CONVERSION = YES;
				CLANG_WARN_CONSTANT_CONVERSION = YES;
				CLANG_WARN_DIRECT_OBJC_ISA_USAGE = YES_ERROR;
				CLANG_WARN_EMPTY_BODY = YES;
				CLANG_WARN_ENUM_CONVERSION = YES;
				CLANG_WARN_INT_CONVERSION = YES;
				CLANG_WARN_OBJC_ROOT_CLASS = YES_ERROR;
				CLANG_WARN__DUPLICATE_METHOD_MATCH = YES;
				"CODE_SIGN_IDENTITY[sdk=iphoneos*]" = "iPhone Developer";
				COPY_PHASE_STRIP = NO;
				GCC_C_LANGUAGE_STANDARD = gnu99;
				GCC_DYNAMIC_NO_PIC = NO;
				GCC_OPTIMIZATION_LEVEL = 0;
				GCC_PREPROCESSOR_DEFINITIONS = (
					"DEBUG=1",
					"$(inherited)",
				);
				GCC_SYMBOLS_PRIVATE_EXTERN = NO;
				GCC_WARN_64_TO_32_BIT_CONVERSION = YES;
				GCC_WARN_ABOUT_RETURN_TYPE = YES_ERROR;
				GCC_WARN_UNDECLARED_SELECTOR = YES;
				GCC_WARN_UNINITIALIZED_AUTOS = YES_AGGRESSIVE;
				GCC_WARN_UNUSED_FUNCTION = YES;
				GCC_WARN_UNUSED_VARIABLE = YES;
				IPHONEOS_DEPLOYMENT_TARGET = 7.1;
				ONLY_ACTIVE_ARCH = YES;
				"OTHER_LDFLAGS[arch=*]" = "-ObjC";
				SDKROOT = iphoneos;
			};
			name = Debug;
		};
		C257E388199D48A500563FE0 /* Release */ = {
			isa = XCBuildConfiguration;
			buildSettings = {
				ALWAYS_SEARCH_USER_PATHS = NO;
				CLANG_CXX_LANGUAGE_STANDARD = "gnu++0x";
				CLANG_CXX_LIBRARY = "libc++";
				CLANG_ENABLE_MODULES = YES;
				CLANG_ENABLE_OBJC_ARC = YES;
				CLANG_WARN_BOOL_CONVERSION = YES;
				CLANG_WARN_CONSTANT_CONVERSION = YES;
				CLANG_WARN_DIRECT_OBJC_ISA_USAGE = YES_ERROR;
				CLANG_WARN_EMPTY_BODY = YES;
				CLANG_WARN_ENUM_CONVERSION = YES;
				CLANG_WARN_INT_CONVERSION = YES;
				CLANG_WARN_OBJC_ROOT_CLASS = YES_ERROR;
				CLANG_WARN__DUPLICATE_METHOD_MATCH = YES;
				"CODE_SIGN_IDENTITY[sdk=iphoneos*]" = "iPhone Developer";
				COPY_PHASE_STRIP = YES;
				ENABLE_NS_ASSERTIONS = NO;
				GCC_C_LANGUAGE_STANDARD = gnu99;
				GCC_WARN_64_TO_32_BIT_CONVERSION = YES;
				GCC_WARN_ABOUT_RETURN_TYPE = YES_ERROR;
				GCC_WARN_UNDECLARED_SELECTOR = YES;
				GCC_WARN_UNINITIALIZED_AUTOS = YES_AGGRESSIVE;
				GCC_WARN_UNUSED_FUNCTION = YES;
				GCC_WARN_UNUSED_VARIABLE = YES;
				IPHONEOS_DEPLOYMENT_TARGET = 7.1;
				"OTHER_LDFLAGS[arch=*]" = "-ObjC";
				SDKROOT = iphoneos;
				VALIDATE_PRODUCT = YES;
			};
			name = Release;
		};
		C257E38A199D48A500563FE0 /* Debug */ = {
			isa = XCBuildConfiguration;
			buildSettings = {
				ASSETCATALOG_COMPILER_APPICON_NAME = AppIcon;
				ASSETCATALOG_COMPILER_LAUNCHIMAGE_NAME = LaunchImage;
				FRAMEWORK_SEARCH_PATHS = (
					"$(inherited)",
					"$(PROJECT_DIR)/GoogleMaps-iOS-1.8.1",
					"$(PROJECT_DIR)/GoogleMaps-iOS-1.8.1/GoogleMapsSDKDemos",
				);
				GCC_PRECOMPILE_PREFIX_HEADER = YES;
				GCC_PREFIX_HEADER = "BikePath1/BikePath1-Prefix.pch";
				INFOPLIST_FILE = "BikePath1/BikePath1-Info.plist";
				PRODUCT_NAME = "$(TARGET_NAME)";
				WRAPPER_EXTENSION = app;
			};
			name = Debug;
		};
		C257E38B199D48A500563FE0 /* Release */ = {
			isa = XCBuildConfiguration;
			buildSettings = {
				ASSETCATALOG_COMPILER_APPICON_NAME = AppIcon;
				ASSETCATALOG_COMPILER_LAUNCHIMAGE_NAME = LaunchImage;
				FRAMEWORK_SEARCH_PATHS = (
					"$(inherited)",
					"$(PROJECT_DIR)/GoogleMaps-iOS-1.8.1",
					"$(PROJECT_DIR)/GoogleMaps-iOS-1.8.1/GoogleMapsSDKDemos",
				);
				GCC_PRECOMPILE_PREFIX_HEADER = YES;
				GCC_PREFIX_HEADER = "BikePath1/BikePath1-Prefix.pch";
				INFOPLIST_FILE = "BikePath1/BikePath1-Info.plist";
				PRODUCT_NAME = "$(TARGET_NAME)";
				WRAPPER_EXTENSION = app;
			};
			name = Release;
		};
		C257E38D199D48A500563FE0 /* Debug */ = {
			isa = XCBuildConfiguration;
			buildSettings = {
				BUNDLE_LOADER = "$(BUILT_PRODUCTS_DIR)/BikePath1.app/BikePath1";
				FRAMEWORK_SEARCH_PATHS = (
					"$(SDKROOT)/Developer/Library/Frameworks",
					"$(inherited)",
					"$(DEVELOPER_FRAMEWORKS_DIR)",
				);
				GCC_PRECOMPILE_PREFIX_HEADER = YES;
				GCC_PREFIX_HEADER = "BikePath1/BikePath1-Prefix.pch";
				GCC_PREPROCESSOR_DEFINITIONS = (
					"DEBUG=1",
					"$(inherited)",
				);
				INFOPLIST_FILE = "BikePath1Tests/BikePath1Tests-Info.plist";
				PRODUCT_NAME = "$(TARGET_NAME)";
				TEST_HOST = "$(BUNDLE_LOADER)";
				WRAPPER_EXTENSION = xctest;
			};
			name = Debug;
		};
		C257E38E199D48A500563FE0 /* Release */ = {
			isa = XCBuildConfiguration;
			buildSettings = {
				BUNDLE_LOADER = "$(BUILT_PRODUCTS_DIR)/BikePath1.app/BikePath1";
				FRAMEWORK_SEARCH_PATHS = (
					"$(SDKROOT)/Developer/Library/Frameworks",
					"$(inherited)",
					"$(DEVELOPER_FRAMEWORKS_DIR)",
				);
				GCC_PRECOMPILE_PREFIX_HEADER = YES;
				GCC_PREFIX_HEADER = "BikePath1/BikePath1-Prefix.pch";
				INFOPLIST_FILE = "BikePath1Tests/BikePath1Tests-Info.plist";
				PRODUCT_NAME = "$(TARGET_NAME)";
				TEST_HOST = "$(BUNDLE_LOADER)";
				WRAPPER_EXTENSION = xctest;
			};
			name = Release;
		};
/* End XCBuildConfiguration section */

/* Begin XCConfigurationList section */
		C257E352199D48A500563FE0 /* Build configuration list for PBXProject "BikePath1" */ = {
			isa = XCConfigurationList;
			buildConfigurations = (
				C257E387199D48A500563FE0 /* Debug */,
				C257E388199D48A500563FE0 /* Release */,
			);
			defaultConfigurationIsVisible = 0;
			defaultConfigurationName = Release;
		};
		C257E389199D48A500563FE0 /* Build configuration list for PBXNativeTarget "BikePath1" */ = {
			isa = XCConfigurationList;
			buildConfigurations = (
				C257E38A199D48A500563FE0 /* Debug */,
				C257E38B199D48A500563FE0 /* Release */,
			);
			defaultConfigurationIsVisible = 0;
		};
		C257E38C199D48A500563FE0 /* Build configuration list for PBXNativeTarget "BikePath1Tests" */ = {
			isa = XCConfigurationList;
			buildConfigurations = (
				C257E38D199D48A500563FE0 /* Debug */,
				C257E38E199D48A500563FE0 /* Release */,
			);
			defaultConfigurationIsVisible = 0;
		};
/* End XCConfigurationList section */
	};
	rootObject = C257E34F199D48A500563FE0 /* Project object */;
}
